{
  "name": "qs-wx",
  "lockfileVersion": 3,
  "requires": true,
  "packages": {
    "": {
      "dependencies": {
        "@vant/weapp": "^1.10.14",
        "lin-ui": "^0.9.13"
      }
    },
    "node_modules/@vant/weapp": {
      "version": "1.10.14",
      "resolved": "https://registry.npmmirror.com/@vant/weapp/-/weapp-1.10.14.tgz",
      "integrity": "sha512-5usuhoN1kiOV6pzrdVzHrAux6DupKlGd9w+yYc992Zy1n1wHLZMb1dGM3+xtbNE3tpWE2qv95vIFSMpJRFyE7Q=="
    },
    "node_modules/lin-ui": {
      "version": "0.9.13",
      "resolved": "https://registry.npmmirror.com/lin-ui/-/lin-ui-0.9.13.tgz",
      "integrity": "sha512-RFRq1D+jCkhFzVCe/Y4C/NnWEK21ZiY961/HJR3mHmHmdq5IkrNBt/39WsUuWcDPty48WaY/3IipOPBBD+7ttw=="
    }
  }
}
